
Microsoft Visual Studio Solution File, Format Version 12.00
# Visual Studio Version 16
VisualStudioVersion = 16.0.31424.327
MinimumVisualStudioVersion = 10.0.40219.1
Project("{FAE04EC0-301F-11D3-BF4B-00C04F79EFBC}") = "ReceipeApp", "csharp-crud-receipebook-3layer-sql\ReceipeApp.csproj", "{826B4D03-3C0A-4D5C-A57F-4B3613263AAD}"
EndProject
Project("{FAE04EC0-301F-11D3-BF4B-00C04F79EFBC}") = "Domain", "Domain\Domain.csproj", "{505BAF7E-15A1-4246-9C7E-5410DD811A47}"
EndProject
Project("{FAE04EC0-301F-11D3-BF4B-00C04F79EFBC}") = "Persistence", "Persistence\Persistence.csproj", "{F07A5457-D8BA-45EE-8600-598F55BCF87C}"
EndProject
Global
	GlobalSection(SolutionConfigurationPlatforms) = preSolution
		Debug|Any CPU = Debug|Any CPU
		Release|Any CPU = Release|Any CPU
	EndGlobalSection
	GlobalSection(ProjectConfigurationPlatforms) = postSolution
		{826B4D03-3C0A-4D5C-A57F-4B3613263AAD}.Debug|Any CPU.ActiveCfg = Debug|Any CPU
		{826B4D03-3C0A-4D5C-A57F-4B3613263AAD}.Debug|Any CPU.Build.0 = Debug|Any CPU
		{826B4D03-3C0A-4D5C-A57F-4B3613263AAD}.Release|Any CPU.ActiveCfg = Release|Any CPU
		{826B4D03-3C0A-4D5C-A57F-4B3613263AAD}.Release|Any CPU.Build.0 = Release|Any CPU
		{505BAF7E-15A1-4246-9C7E-5410DD811A47}.Debug|Any CPU.ActiveCfg = Debug|Any CPU
		{505BAF7E-15A1-4246-9C7E-5410DD811A47}.Debug|Any CPU.Build.0 = Debug|Any CPU
		{505BAF7E-15A1-4246-9C7E-5410DD811A47}.Release|Any CPU.ActiveCfg = Release|Any CPU
		{505BAF7E-15A1-4246-9C7E-5410DD811A47}.Release|Any CPU.Build.0 = Release|Any CPU
		{F07A5457-D8BA-45EE-8600-598F55BCF87C}.Debug|Any CPU.ActiveCfg = Debug|Any CPU
		{F07A5457-D8BA-45EE-8600-598F55BCF87C}.Debug|Any CPU.Build.0 = Debug|Any CPU
		{F07A5457-D8BA-45EE-8600-598F55BCF87C}.Release|Any CPU.ActiveCfg = Release|Any CPU
		{F07A5457-D8BA-45EE-8600-598F55BCF87C}.Release|Any CPU.Build.0 = Release|Any CPU
	EndGlobalSection
	GlobalSection(SolutionProperties) = preSolution
		HideSolutionNode = FALSE
	EndGlobalSection
	GlobalSection(ExtensibilityGlobals) = postSolution
		SolutionGuid = {6E3CC596-269F-4269-9EAD-16CB89D5E37A}
	EndGlobalSection
EndGlobal
